
Microsoft Visual Studio Solution File, Format Version 12.00
# Visual Studio Version 17
VisualStudioVersion = 17.9.34714.143
MinimumVisualStudioVersion = 10.0.40219.1
Project("{2150E333-8FDC-42A3-9474-1A3956D46DE8}") = "Entrada, Processamento e Saida de Dados", "Entrada, Processamento e Saida de Dados", "{6116AE23-F8CE-4FFE-BB8F-8A1269765120}"
	ProjectSection(SolutionItems) = preProject
		..\..\README.md = ..\..\README.md
	EndProjectSection
EndProject
Project("{9A19103F-16F7-4668-BE54-9A1E7A4F7556}") = "Exercicio01", "Exercicio01\Exercicio01.csproj", "{88B2BA2B-B59C-4D5A-B027-6840E052F5BD}"
EndProject
Project("{9A19103F-16F7-4668-BE54-9A1E7A4F7556}") = "Exercicio02", "Exercicio02\Exercicio02.csproj", "{BD90709A-10FB-4F38-A40C-08CAA41E6D6F}"
EndProject
Project("{9A19103F-16F7-4668-BE54-9A1E7A4F7556}") = "Exercicio03", "Exercicio03\Exercicio03.csproj", "{89616BD7-07A4-4349-AF0F-3A3DE95AD756}"
EndProject
Project("{9A19103F-16F7-4668-BE54-9A1E7A4F7556}") = "Exercicio04", "Exercicio04\Exercicio04.csproj", "{E09C6876-6C83-4A1D-8816-6477930EFC32}"
EndProject
Project("{9A19103F-16F7-4668-BE54-9A1E7A4F7556}") = "Exercicio05", "Exercicio05\Exercicio05.csproj", "{AB8B0D57-2971-45E3-876A-DE5D7E3E00B3}"
EndProject
Project("{9A19103F-16F7-4668-BE54-9A1E7A4F7556}") = "Exercicio06", "Exercicio06\Exercicio06.csproj", "{139DAB16-A296-4CBE-9D6A-E81AFCD9AA37}"
EndProject
Project("{2150E333-8FDC-42A3-9474-1A3956D46DE8}") = "Estruturas de Decisao", "Estruturas de Decisao", "{08EC9603-779B-49EB-877C-F5A4BAEAB880}"
EndProject
Project("{9A19103F-16F7-4668-BE54-9A1E7A4F7556}") = "Exercicio07", "Exercicio07\Exercicio07.csproj", "{D913356B-AA48-42E2-B112-40828A0714AD}"
EndProject
Project("{9A19103F-16F7-4668-BE54-9A1E7A4F7556}") = "Exercicio08", "Exercicio08\Exercicio08.csproj", "{E9F68450-0D5D-47E2-ADCC-3AE4E5E99B16}"
EndProject
Project("{9A19103F-16F7-4668-BE54-9A1E7A4F7556}") = "Exercicio09", "Exercicio09\Exercicio09.csproj", "{107A299E-A6F6-4076-92E8-BB5356147A36}"
EndProject
Project("{9A19103F-16F7-4668-BE54-9A1E7A4F7556}") = "Exercicio10", "Exercicio10\Exercicio10.csproj", "{E924BAA8-1D6B-4380-A034-E036388A002C}"
EndProject
Project("{FAE04EC0-301F-11D3-BF4B-00C04F79EFBC}") = "Exercicio11", "Exercicio11\Exercicio11.csproj", "{F8737CD5-91B0-4B5D-93EA-97CD31999355}"
EndProject
Project("{FAE04EC0-301F-11D3-BF4B-00C04F79EFBC}") = "Exercicio12", "Exercicio12\Exercicio12.csproj", "{0B4368DA-95B3-4EAC-95F8-6D852473C433}"
EndProject
Project("{FAE04EC0-301F-11D3-BF4B-00C04F79EFBC}") = "Exercicio13", "Exercicio13\Exercicio13.csproj", "{6BE6F4A4-4A9B-4BDA-A8C4-EEF7E9373C8A}"
EndProject
Global
	GlobalSection(SolutionConfigurationPlatforms) = preSolution
		Debug|Any CPU = Debug|Any CPU
		Release|Any CPU = Release|Any CPU
	EndGlobalSection
	GlobalSection(ProjectConfigurationPlatforms) = postSolution
		{88B2BA2B-B59C-4D5A-B027-6840E052F5BD}.Debug|Any CPU.ActiveCfg = Debug|Any CPU
		{88B2BA2B-B59C-4D5A-B027-6840E052F5BD}.Debug|Any CPU.Build.0 = Debug|Any CPU
		{88B2BA2B-B59C-4D5A-B027-6840E052F5BD}.Release|Any CPU.ActiveCfg = Release|Any CPU
		{88B2BA2B-B59C-4D5A-B027-6840E052F5BD}.Release|Any CPU.Build.0 = Release|Any CPU
		{BD90709A-10FB-4F38-A40C-08CAA41E6D6F}.Debug|Any CPU.ActiveCfg = Debug|Any CPU
		{BD90709A-10FB-4F38-A40C-08CAA41E6D6F}.Debug|Any CPU.Build.0 = Debug|Any CPU
		{BD90709A-10FB-4F38-A40C-08CAA41E6D6F}.Release|Any CPU.ActiveCfg = Release|Any CPU
		{BD90709A-10FB-4F38-A40C-08CAA41E6D6F}.Release|Any CPU.Build.0 = Release|Any CPU
		{89616BD7-07A4-4349-AF0F-3A3DE95AD756}.Debug|Any CPU.ActiveCfg = Debug|Any CPU
		{89616BD7-07A4-4349-AF0F-3A3DE95AD756}.Debug|Any CPU.Build.0 = Debug|Any CPU
		{89616BD7-07A4-4349-AF0F-3A3DE95AD756}.Release|Any CPU.ActiveCfg = Release|Any CPU
		{89616BD7-07A4-4349-AF0F-3A3DE95AD756}.Release|Any CPU.Build.0 = Release|Any CPU
		{E09C6876-6C83-4A1D-8816-6477930EFC32}.Debug|Any CPU.ActiveCfg = Debug|Any CPU
		{E09C6876-6C83-4A1D-8816-6477930EFC32}.Debug|Any CPU.Build.0 = Debug|Any CPU
		{E09C6876-6C83-4A1D-8816-6477930EFC32}.Release|Any CPU.ActiveCfg = Release|Any CPU
		{E09C6876-6C83-4A1D-8816-6477930EFC32}.Release|Any CPU.Build.0 = Release|Any CPU
		{AB8B0D57-2971-45E3-876A-DE5D7E3E00B3}.Debug|Any CPU.ActiveCfg = Debug|Any CPU
		{AB8B0D57-2971-45E3-876A-DE5D7E3E00B3}.Debug|Any CPU.Build.0 = Debug|Any CPU
		{AB8B0D57-2971-45E3-876A-DE5D7E3E00B3}.Release|Any CPU.ActiveCfg = Release|Any CPU
		{AB8B0D57-2971-45E3-876A-DE5D7E3E00B3}.Release|Any CPU.Build.0 = Release|Any CPU
		{139DAB16-A296-4CBE-9D6A-E81AFCD9AA37}.Debug|Any CPU.ActiveCfg = Debug|Any CPU
		{139DAB16-A296-4CBE-9D6A-E81AFCD9AA37}.Debug|Any CPU.Build.0 = Debug|Any CPU
		{139DAB16-A296-4CBE-9D6A-E81AFCD9AA37}.Release|Any CPU.ActiveCfg = Release|Any CPU
		{139DAB16-A296-4CBE-9D6A-E81AFCD9AA37}.Release|Any CPU.Build.0 = Release|Any CPU
		{D913356B-AA48-42E2-B112-40828A0714AD}.Debug|Any CPU.ActiveCfg = Debug|Any CPU
		{D913356B-AA48-42E2-B112-40828A0714AD}.Debug|Any CPU.Build.0 = Debug|Any CPU
		{D913356B-AA48-42E2-B112-40828A0714AD}.Release|Any CPU.ActiveCfg = Release|Any CPU
		{D913356B-AA48-42E2-B112-40828A0714AD}.Release|Any CPU.Build.0 = Release|Any CPU
		{E9F68450-0D5D-47E2-ADCC-3AE4E5E99B16}.Debug|Any CPU.ActiveCfg = Debug|Any CPU
		{E9F68450-0D5D-47E2-ADCC-3AE4E5E99B16}.Debug|Any CPU.Build.0 = Debug|Any CPU
		{E9F68450-0D5D-47E2-ADCC-3AE4E5E99B16}.Release|Any CPU.ActiveCfg = Release|Any CPU
		{E9F68450-0D5D-47E2-ADCC-3AE4E5E99B16}.Release|Any CPU.Build.0 = Release|Any CPU
		{107A299E-A6F6-4076-92E8-BB5356147A36}.Debug|Any CPU.ActiveCfg = Debug|Any CPU
		{107A299E-A6F6-4076-92E8-BB5356147A36}.Debug|Any CPU.Build.0 = Debug|Any CPU
		{107A299E-A6F6-4076-92E8-BB5356147A36}.Release|Any CPU.ActiveCfg = Release|Any CPU
		{107A299E-A6F6-4076-92E8-BB5356147A36}.Release|Any CPU.Build.0 = Release|Any CPU
		{E924BAA8-1D6B-4380-A034-E036388A002C}.Debug|Any CPU.ActiveCfg = Debug|Any CPU
		{E924BAA8-1D6B-4380-A034-E036388A002C}.Debug|Any CPU.Build.0 = Debug|Any CPU
		{E924BAA8-1D6B-4380-A034-E036388A002C}.Release|Any CPU.ActiveCfg = Release|Any CPU
		{E924BAA8-1D6B-4380-A034-E036388A002C}.Release|Any CPU.Build.0 = Release|Any CPU
		{F8737CD5-91B0-4B5D-93EA-97CD31999355}.Debug|Any CPU.ActiveCfg = Debug|Any CPU
		{F8737CD5-91B0-4B5D-93EA-97CD31999355}.Debug|Any CPU.Build.0 = Debug|Any CPU
		{F8737CD5-91B0-4B5D-93EA-97CD31999355}.Release|Any CPU.ActiveCfg = Release|Any CPU
		{F8737CD5-91B0-4B5D-93EA-97CD31999355}.Release|Any CPU.Build.0 = Release|Any CPU
		{0B4368DA-95B3-4EAC-95F8-6D852473C433}.Debug|Any CPU.ActiveCfg = Debug|Any CPU
		{0B4368DA-95B3-4EAC-95F8-6D852473C433}.Debug|Any CPU.Build.0 = Debug|Any CPU
		{0B4368DA-95B3-4EAC-95F8-6D852473C433}.Release|Any CPU.ActiveCfg = Release|Any CPU
		{0B4368DA-95B3-4EAC-95F8-6D852473C433}.Release|Any CPU.Build.0 = Release|Any CPU
		{6BE6F4A4-4A9B-4BDA-A8C4-EEF7E9373C8A}.Debug|Any CPU.ActiveCfg = Debug|Any CPU
		{6BE6F4A4-4A9B-4BDA-A8C4-EEF7E9373C8A}.Debug|Any CPU.Build.0 = Debug|Any CPU
		{6BE6F4A4-4A9B-4BDA-A8C4-EEF7E9373C8A}.Release|Any CPU.ActiveCfg = Release|Any CPU
		{6BE6F4A4-4A9B-4BDA-A8C4-EEF7E9373C8A}.Release|Any CPU.Build.0 = Release|Any CPU
	EndGlobalSection
	GlobalSection(SolutionProperties) = preSolution
		HideSolutionNode = FALSE
	EndGlobalSection
	GlobalSection(NestedProjects) = preSolution
		{88B2BA2B-B59C-4D5A-B027-6840E052F5BD} = {6116AE23-F8CE-4FFE-BB8F-8A1269765120}
		{BD90709A-10FB-4F38-A40C-08CAA41E6D6F} = {6116AE23-F8CE-4FFE-BB8F-8A1269765120}
		{89616BD7-07A4-4349-AF0F-3A3DE95AD756} = {6116AE23-F8CE-4FFE-BB8F-8A1269765120}
		{E09C6876-6C83-4A1D-8816-6477930EFC32} = {6116AE23-F8CE-4FFE-BB8F-8A1269765120}
		{AB8B0D57-2971-45E3-876A-DE5D7E3E00B3} = {6116AE23-F8CE-4FFE-BB8F-8A1269765120}
		{139DAB16-A296-4CBE-9D6A-E81AFCD9AA37} = {6116AE23-F8CE-4FFE-BB8F-8A1269765120}
		{D913356B-AA48-42E2-B112-40828A0714AD} = {08EC9603-779B-49EB-877C-F5A4BAEAB880}
		{E9F68450-0D5D-47E2-ADCC-3AE4E5E99B16} = {08EC9603-779B-49EB-877C-F5A4BAEAB880}
		{107A299E-A6F6-4076-92E8-BB5356147A36} = {08EC9603-779B-49EB-877C-F5A4BAEAB880}
		{E924BAA8-1D6B-4380-A034-E036388A002C} = {08EC9603-779B-49EB-877C-F5A4BAEAB880}
		{F8737CD5-91B0-4B5D-93EA-97CD31999355} = {08EC9603-779B-49EB-877C-F5A4BAEAB880}
		{0B4368DA-95B3-4EAC-95F8-6D852473C433} = {08EC9603-779B-49EB-877C-F5A4BAEAB880}
		{6BE6F4A4-4A9B-4BDA-A8C4-EEF7E9373C8A} = {08EC9603-779B-49EB-877C-F5A4BAEAB880}
	EndGlobalSection
	GlobalSection(ExtensibilityGlobals) = postSolution
		SolutionGuid = {065D60E2-E288-49C6-9F6D-A845D255A6EA}
	EndGlobalSection
EndGlobal
